// !$*UTF8*$!
{
	archiveVersion = 1;
	classes = {
	};
	objectVersion = 56;
	objects = {

/* Begin PBXBuildFile section */
		A1234567890123456789012A /* AppFinancieraIOsApp.swift in Sources */ = {isa = PBXBuildFile; fileRef = A1234567890123456789012B /* AppFinancieraIOsApp.swift */; };
		A1234567890123456789012C /* ContentView.swift in Sources */ = {isa = PBXBuildFile; fileRef = A1234567890123456789012D /* ContentView.swift */; };
		A1234567890123456789012E /* DashboardView.swift in Sources */ = {isa = PBXBuildFile; fileRef = A1234567890123456789012F /* DashboardView.swift */; };
		A1234567890123456789013A /* IncomeView.swift in Sources */ = {isa = PBXBuildFile; fileRef = A1234567890123456789013B /* IncomeView.swift */; };
		A1234567890123456789013C /* AddIncomeView.swift in Sources */ = {isa = PBXBuildFile; fileRef = A1234567890123456789013D /* AddIncomeView.swift */; };
		A1234567890123456789013E /* ExpensesView.swift in Sources */ = {isa = PBXBuildFile; fileRef = A1234567890123456789013F /* ExpensesView.swift */; };
		A1234567890123456789014A /* AddExpenseView.swift in Sources */ = {isa = PBXBuildFile; fileRef = A1234567890123456789014B /* AddExpenseView.swift */; };
		A1234567890123456789014C /* DeductionsView.swift in Sources */ = {isa = PBXBuildFile; fileRef = A1234567890123456789014D /* DeductionsView.swift */; };
		A1234567890123456789014E /* ReportsView.swift in Sources */ = {isa = PBXBuildFile; fileRef = A1234567890123456789014F /* ReportsView.swift */; };
		A1234567890123456789015A /* Income.swift in Sources */ = {isa = PBXBuildFile; fileRef = A1234567890123456789015B /* Income.swift */; };
		A1234567890123456789015C /* Deduction.swift in Sources */ = {isa = PBXBuildFile; fileRef = A1234567890123456789015D /* Deduction.swift */; };
		A1234567890123456789015E /* TaxCalculation.swift in Sources */ = {isa = PBXBuildFile; fileRef = A1234567890123456789015F /* TaxCalculation.swift */; };
		A1234567890123456789016A /* ExpenseCategory.swift in Sources */ = {isa = PBXBuildFile; fileRef = A1234567890123456789016B /* ExpenseCategory.swift */; };
		A1234567890123456789016C /* Expense.swift in Sources */ = {isa = PBXBuildFile; fileRef = A1234567890123456789016D /* Expense.swift */; };
		A1234567890123456789016E /* FinancialPeriod.swift in Sources */ = {isa = PBXBuildFile; fileRef = A1234567890123456789016F /* FinancialPeriod.swift */; };
		A1234567890123456789017A /* DashboardViewModel.swift in Sources */ = {isa = PBXBuildFile; fileRef = A1234567890123456789017B /* DashboardViewModel.swift */; };
		A1234567890123456789017C /* IncomeViewModel.swift in Sources */ = {isa = PBXBuildFile; fileRef = A1234567890123456789017D /* IncomeViewModel.swift */; };
		A1234567890123456789017E /* ExpensesViewModel.swift in Sources */ = {isa = PBXBuildFile; fileRef = A1234567890123456789017F /* ExpensesViewModel.swift */; };
		A1234567890123456789018A /* DeductionsViewModel.swift in Sources */ = {isa = PBXBuildFile; fileRef = A1234567890123456789018B /* DeductionsViewModel.swift */; };
		A1234567890123456789018C /* ReportsViewModel.swift in Sources */ = {isa = PBXBuildFile; fileRef = A1234567890123456789018D /* ReportsViewModel.swift */; };
		A1234567890123456789018E /* Constants.swift in Sources */ = {isa = PBXBuildFile; fileRef = A1234567890123456789018F /* Constants.swift */; };
		A1234567890123456789019A /* CurrencyFormatter.swift in Sources */ = {isa = PBXBuildFile; fileRef = A1234567890123456789019B /* CurrencyFormatter.swift */; };
		A1234567890123456789019C /* DateExtensions.swift in Sources */ = {isa = PBXBuildFile; fileRef = A1234567890123456789019D /* DateExtensions.swift */; };
/* End PBXBuildFile section */

/* Begin PBXFileReference section */
		A1234567890123456789012A /* AppFinancieraIOs.app */ = {isa = PBXFileReference; explicitFileType = wrapper.application; includeInIndex = 0; path = AppFinancieraIOs.app; sourceTree = BUILT_PRODUCTS_DIR; };
		A1234567890123456789012B /* AppFinancieraIOsApp.swift */ = {isa = PBXFileReference; lastKnownFileType = sourcecode.swift; path = AppFinancieraIOsApp.swift; sourceTree = "<group>"; };
		A1234567890123456789012D /* ContentView.swift */ = {isa = PBXFileReference; lastKnownFileType = sourcecode.swift; path = ContentView.swift; sourceTree = "<group>"; };
		A1234567890123456789012F /* DashboardView.swift */ = {isa = PBXFileReference; lastKnownFileType = sourcecode.swift; path = DashboardView.swift; sourceTree = "<group>"; };
		A1234567890123456789013B /* IncomeView.swift */ = {isa = PBXFileReference; lastKnownFileType = sourcecode.swift; path = IncomeView.swift; sourceTree = "<group>"; };
		A1234567890123456789013D /* AddIncomeView.swift */ = {isa = PBXFileReference; lastKnownFileType = sourcecode.swift; path = AddIncomeView.swift; sourceTree = "<group>"; };
		A1234567890123456789013F /* ExpensesView.swift */ = {isa = PBXFileReference; lastKnownFileType = sourcecode.swift; path = ExpensesView.swift; sourceTree = "<group>"; };
		A1234567890123456789014B /* AddExpenseView.swift */ = {isa = PBXFileReference; lastKnownFileType = sourcecode.swift; path = AddExpenseView.swift; sourceTree = "<group>"; };
		A1234567890123456789014D /* DeductionsView.swift */ = {isa = PBXFileReference; lastKnownFileType = sourcecode.swift; path = DeductionsView.swift; sourceTree = "<group>"; };
		A1234567890123456789014F /* ReportsView.swift */ = {isa = PBXFileReference; lastKnownFileType = sourcecode.swift; path = ReportsView.swift; sourceTree = "<group>"; };
		A1234567890123456789015B /* Income.swift */ = {isa = PBXFileReference; lastKnownFileType = sourcecode.swift; path = Income.swift; sourceTree = "<group>"; };
		A1234567890123456789015D /* Deduction.swift */ = {isa = PBXFileReference; lastKnownFileType = sourcecode.swift; path = Deduction.swift; sourceTree = "<group>"; };
		A1234567890123456789015F /* TaxCalculation.swift */ = {isa = PBXFileReference; lastKnownFileType = sourcecode.swift; path = TaxCalculation.swift; sourceTree = "<group>"; };
		A1234567890123456789016B /* ExpenseCategory.swift */ = {isa = PBXFileReference; lastKnownFileType = sourcecode.swift; path = ExpenseCategory.swift; sourceTree = "<group>"; };
		A1234567890123456789016D /* Expense.swift */ = {isa = PBXFileReference; lastKnownFileType = sourcecode.swift; path = Expense.swift; sourceTree = "<group>"; };
		A1234567890123456789016F /* FinancialPeriod.swift */ = {isa = PBXFileReference; lastKnownFileType = sourcecode.swift; path = FinancialPeriod.swift; sourceTree = "<group>"; };
		A1234567890123456789017B /* DashboardViewModel.swift */ = {isa = PBXFileReference; lastKnownFileType = sourcecode.swift; path = DashboardViewModel.swift; sourceTree = "<group>"; };
		A1234567890123456789017D /* IncomeViewModel.swift */ = {isa = PBXFileReference; lastKnownFileType = sourcecode.swift; path = IncomeViewModel.swift; sourceTree = "<group>"; };
		A1234567890123456789017F /* ExpensesViewModel.swift */ = {isa = PBXFileReference; lastKnownFileType = sourcecode.swift; path = ExpensesViewModel.swift; sourceTree = "<group>"; };
		A1234567890123456789018B /* DeductionsViewModel.swift */ = {isa = PBXFileReference; lastKnownFileType = sourcecode.swift; path = DeductionsViewModel.swift; sourceTree = "<group>"; };
		A1234567890123456789018D /* ReportsViewModel.swift */ = {isa = PBXFileReference; lastKnownFileType = sourcecode.swift; path = ReportsViewModel.swift; sourceTree = "<group>"; };
		A1234567890123456789018F /* Constants.swift */ = {isa = PBXFileReference; lastKnownFileType = sourcecode.swift; path = Constants.swift; sourceTree = "<group>"; };
		A1234567890123456789019B /* CurrencyFormatter.swift */ = {isa = PBXFileReference; lastKnownFileType = sourcecode.swift; path = CurrencyFormatter.swift; sourceTree = "<group>"; };
		A1234567890123456789019D /* DateExtensions.swift */ = {isa = PBXFileReference; lastKnownFileType = sourcecode.swift; path = DateExtensions.swift; sourceTree = "<group>"; };
		A1234567890123456789019E /* Info.plist */ = {isa = PBXFileReference; lastKnownFileType = text.plist.xml; path = Info.plist; sourceTree = "<group>"; };
/* End PBXFileReference section */

/* Begin PBXFrameworksBuildPhase section */
		A1234567890123456789012G /* Frameworks */ = {
			isa = PBXFrameworksBuildPhase;
			buildActionMask = 2147483647;
			files = (
			);
			runOnlyForDeploymentPostprocessing = 0;
		};
/* End PBXFrameworksBuildPhase section */

/* Begin PBXGroup section */
		A1234567890123456789012H = {
			isa = PBXGroup;
			children = (
				A1234567890123456789012I /* AppFinancieraIOs */,
				A1234567890123456789012J /* Products */,
			);
			sourceTree = "<group>";
		};
		A1234567890123456789012I /* AppFinancieraIOs */ = {
			isa = PBXGroup;
			children = (
				A1234567890123456789012B /* AppFinancieraIOsApp.swift */,
				A1234567890123456789012K /* Models */,
				A1234567890123456789012L /* Views */,
				A1234567890123456789012M /* ViewModels */,
				A1234567890123456789012N /* Utils */,
				A1234567890123456789019E /* Info.plist */,
			);
			path = AppFinancieraIOs;
			sourceTree = "<group>";
		};
		A1234567890123456789012J /* Products */ = {
			isa = PBXGroup;
			children = (
				A1234567890123456789012A /* AppFinancieraIOs.app */,
			);
			name = Products;
			sourceTree = "<group>";
		};
		A1234567890123456789012K /* Models */ = {
			isa = PBXGroup;
			children = (
				A1234567890123456789015B /* Income.swift */,
				A1234567890123456789015D /* Deduction.swift */,
				A1234567890123456789015F /* TaxCalculation.swift */,
				A1234567890123456789016B /* ExpenseCategory.swift */,
				A1234567890123456789016D /* Expense.swift */,
				A1234567890123456789016F /* FinancialPeriod.swift */,
			);
			path = Models;
			sourceTree = "<group>";
		};
		A1234567890123456789012L /* Views */ = {
			isa = PBXGroup;
			children = (
				A1234567890123456789012O /* Main */,
				A1234567890123456789012P /* Income */,
				A1234567890123456789012Q /* Expenses */,
				A1234567890123456789012R /* Deductions */,
				A1234567890123456789012S /* Reports */,
			);
			path = Views;
			sourceTree = "<group>";
		};
		A1234567890123456789012M /* ViewModels */ = {
			isa = PBXGroup;
			children = (
				A1234567890123456789017B /* DashboardViewModel.swift */,
				A1234567890123456789017D /* IncomeViewModel.swift */,
				A1234567890123456789017F /* ExpensesViewModel.swift */,
				A1234567890123456789018B /* DeductionsViewModel.swift */,
				A1234567890123456789018D /* ReportsViewModel.swift */,
			);
			path = ViewModels;
			sourceTree = "<group>";
		};
		A1234567890123456789012N /* Utils */ = {
			isa = PBXGroup;
			children = (
				A1234567890123456789018F /* Constants.swift */,
				A1234567890123456789019B /* CurrencyFormatter.swift */,
				A1234567890123456789019D /* DateExtensions.swift */,
			);
			path = Utils;
			sourceTree = "<group>";
		};
		A1234567890123456789012O /* Main */ = {
			isa = PBXGroup;
			children = (
				A1234567890123456789012D /* ContentView.swift */,
				A1234567890123456789012F /* DashboardView.swift */,
			);
			path = Main;
			sourceTree = "<group>";
		};
		A1234567890123456789012P /* Income */ = {
			isa = PBXGroup;
			children = (
				A1234567890123456789013B /* IncomeView.swift */,
				A1234567890123456789013D /* AddIncomeView.swift */,
			);
			path = Income;
			sourceTree = "<group>";
		};
		A1234567890123456789012Q /* Expenses */ = {
			isa = PBXGroup;
			children = (
				A1234567890123456789013F /* ExpensesView.swift */,
				A1234567890123456789014B /* AddExpenseView.swift */,
			);
			path = Expenses;
			sourceTree = "<group>";
		};
		A1234567890123456789012R /* Deductions */ = {
			isa = PBXGroup;
			children = (
				A1234567890123456789014D /* DeductionsView.swift */,
			);
			path = Deductions;
			sourceTree = "<group>";
		};
		A1234567890123456789012S /* Reports */ = {
			isa = PBXGroup;
			children = (
				A1234567890123456789014F /* ReportsView.swift */,
			);
			path = Reports;
			sourceTree = "<group>";
		};
/* End PBXGroup section */

/* Begin PBXNativeTarget section */
		A1234567890123456789012T /* AppFinancieraIOs */ = {
			isa = PBXNativeTarget;
			buildConfigurationList = A1234567890123456789012V /* Build configuration list for PBXNativeTarget "AppFinancieraIOs" */;
			buildPhases = (
				A1234567890123456789012V /* Sources */,
				A1234567890123456789012G /* Frameworks */,
				A1234567890123456789012W /* Resources */,
			);
			buildRules = (
			);
			dependencies = (
			);
			name = AppFinancieraIOs;
			productName = AppFinancieraIOs;
			productReference = A1234567890123456789012A /* AppFinancieraIOs.app */;
			productType = "com.apple.product-type.application";
		};
/* End PBXNativeTarget section */

/* Begin PBXProject section */
		A1234567890123456789012X /* Project object */ = {
			isa = PBXProject;
			attributes = {
				BuildIndependentTargetsInParallel = 1;
				LastSwiftUpdateCheck = 1640;
				LastUpgradeCheck = 1640;
				TargetAttributes = {
					A1234567890123456789012T = {
						CreatedOnToolsVersion = 16.4;
					};
				};
			};
			buildConfigurationList = A1234567890123456789012Y /* Build configuration list for PBXProject "AppFinancieraIOs" */;
			compatibilityVersion = "Xcode 16.0";
			developmentRegion = en;
			hasScannedForEncodings = 0;
			knownRegions = (
				en,
				Base,
			);
			mainGroup = A1234567890123456789012H;
			productRefGroup = A1234567890123456789012J /* Products */;
			projectDirPath = "";
			projectRoot = "";
			targets = (
				A1234567890123456789012T /* AppFinancieraIOs */,
			);
		};
/* End PBXProject section */

/* Begin PBXResourcesBuildPhase section */
		A1234567890123456789012W /* Resources */ = {
			isa = PBXResourcesBuildPhase;
			buildActionMask = 2147483647;
			files = (
			);
			runOnlyForDeploymentPostprocessing = 0;
		};
/* End PBXResourcesBuildPhase section */

/* Begin PBXSourcesBuildPhase section */
		A1234567890123456789012V /* Sources */ = {
			isa = PBXSourcesBuildPhase;
			buildActionMask = 2147483647;
			files = (
				A1234567890123456789012C /* ContentView.swift in Sources */,
				A1234567890123456789012E /* DashboardView.swift in Sources */,
				A1234567890123456789013A /* IncomeView.swift in Sources */,
				A1234567890123456789013C /* AddIncomeView.swift in Sources */,
				A1234567890123456789013E /* ExpensesView.swift in Sources */,
				A1234567890123456789014A /* AddExpenseView.swift in Sources */,
				A1234567890123456789014C /* DeductionsView.swift in Sources */,
				A1234567890123456789014E /* ReportsView.swift in Sources */,
				A1234567890123456789015A /* Income.swift in Sources */,
				A1234567890123456789015C /* Deduction.swift in Sources */,
				A1234567890123456789015E /* TaxCalculation.swift in Sources */,
				A1234567890123456789016A /* ExpenseCategory.swift in Sources */,
				A1234567890123456789016C /* Expense.swift in Sources */,
				A1234567890123456789016E /* FinancialPeriod.swift in Sources */,
				A1234567890123456789017A /* DashboardViewModel.swift in Sources */,
				A1234567890123456789017C /* IncomeViewModel.swift in Sources */,
				A1234567890123456789017E /* ExpensesViewModel.swift in Sources */,
				A1234567890123456789018A /* DeductionsViewModel.swift in Sources */,
				A1234567890123456789018C /* ReportsViewModel.swift in Sources */,
				A1234567890123456789018E /* Constants.swift in Sources */,
				A1234567890123456789019A /* CurrencyFormatter.swift in Sources */,
				A1234567890123456789019C /* DateExtensions.swift in Sources */,
				A1234567890123456789012A /* AppFinancieraIOsApp.swift in Sources */,
			);
			runOnlyForDeploymentPostprocessing = 0;
		};
/* End PBXSourcesBuildPhase section */

/* Begin XCBuildConfiguration section */
		A1234567890123456789012Z /* Debug */ = {
			isa = XCBuildConfiguration;
			buildSettings = {
				ALWAYS_SEARCH_USER_PATHS = NO;
				ASSETCATALOG_COMPILER_GENERATE_SWIFT_ASSET_SYMBOL_EXTENSIONS = YES;
				CLANG_ANALYZER_NONNULL = YES;
				CLANG_ANALYZER_NUMBER_OBJECT_CONVERSION = YES_AGGRESSIVE;
				CLANG_CXX_LANGUAGE_STANDARD = "gnu++20";
				CLANG_ENABLE_MODULES = YES;
				CLANG_ENABLE_OBJC_ARC = YES;
				CLANG_ENABLE_OBJC_WEAK = YES;
				CLANG_WARN_BLOCK_CAPTURE_AUTORELEASING = YES;
				CLANG_WARN_BOOL_CONVERSION = YES;
				CLANG_WARN_COMMA = YES;
				CLANG_WARN_CONSTANT_CONVERSION = YES;
				CLANG_WARN_DEPRECATED_OBJC_IMPLEMENTATIONS = YES;
				CLANG_WARN_DIRECT_OBJC_ISA_USAGE = YES_ERROR;
				CLANG_WARN_DOCUMENTATION_COMMENTS = YES;
				CLANG_WARN_EMPTY_BODY = YES;
				CLANG_WARN_ENUM_CONVERSION = YES;
				CLANG_WARN_INFINITE_RECURSION = YES;
				CLANG_WARN_INT_CONVERSION = YES;
				CLANG_WARN_NON_LITERAL_NULL_CONVERSION = YES;
				CLANG_WARN_OBJC_IMPLICIT_RETAIN_SELF = YES;
				CLANG_WARN_OBJC_LITERAL_CONVERSION = YES;
				CLANG_WARN_OBJC_ROOT_CLASS = YES_ERROR;
				CLANG_WARN_QUOTED_INCLUDE_IN_FRAMEWORK_HEADER = YES;
				CLANG_WARN_RANGE_LOOP_ANALYSIS = YES;
				CLANG_WARN_STRICT_PROTOTYPES = YES;
				CLANG_WARN_SUSPICIOUS_MOVE = YES;
				CLANG_WARN_UNGUARDED_AVAILABILITY = YES_AGGRESSIVE;
				CLANG_WARN_UNREACHABLE_CODE = YES;
				CLANG_WARN__DUPLICATE_METHOD_MATCH = YES;
				COPY_PHASE_STRIP = NO;
				DEBUG_INFORMATION_FORMAT = dwarf;
				ENABLE_STRICT_OBJC_MSGSEND = YES;
				ENABLE_TESTABILITY = YES;
				ENABLE_USER_SCRIPT_SANDBOXING = YES;
				GCC_C_LANGUAGE_STANDARD = gnu17;
				GCC_DYNAMIC_NO_PIC = NO;
				GCC_NO_COMMON_BLOCKS = YES;
				GCC_OPTIMIZATION_LEVEL = 0;
				GCC_PREPROCESSOR_DEFINITIONS = (
					"DEBUG=1",
					"$(inherited)",
				);
				GCC_WARN_64_TO_32_BIT_CONVERSION = YES;
				GCC_WARN_ABOUT_RETURN_TYPE = YES_ERROR;
				GCC_WARN_UNDECLARED_SELECTOR = YES;
				GCC_WARN_UNINITIALIZED_AUTOS = YES_AGGRESSIVE;
				GCC_WARN_UNUSED_FUNCTION = YES;
				GCC_WARN_UNUSED_VARIABLE = YES;
				IPHONEOS_DEPLOYMENT_TARGET = 17.0;
				LOCALIZATION_PREFERS_STRING_CATALOGS = YES;
				MTL_ENABLE_DEBUG_INFO = INCLUDE_SOURCE;
				MTL_FAST_MATH = YES;
				ONLY_ACTIVE_ARCH = YES;
				SDKROOT = iphoneos;
				SWIFT_ACTIVE_COMPILATION_CONDITIONS = "DEBUG $(inherited)";
				SWIFT_OPTIMIZATION_LEVEL = "-Onone";
			};
			name = Debug;
		};
		A1234567890123456789013D /* Release */ = {
			isa = XCBuildConfiguration;
			buildSettings = {
				ALWAYS_SEARCH_USER_PATHS = NO;
				ASSETCATALOG_COMPILER_GENERATE_SWIFT_ASSET_SYMBOL_EXTENSIONS = YES;
				CLANG_ANALYZER_NONNULL = YES;
				CLANG_ANALYZER_NUMBER_OBJECT_CONVERSION = YES_AGGRESSIVE;
				CLANG_CXX_LANGUAGE_STANDARD = "gnu++20";
				CLANG_ENABLE_MODULES = YES;
				CLANG_ENABLE_OBJC_ARC = YES;
				CLANG_ENABLE_OBJC_WEAK = YES;
				CLANG_WARN_BLOCK_CAPTURE_AUTORELEASING = YES;
				CLANG_WARN_BOOL_CONVERSION = YES;
				CLANG_WARN_COMMA = YES;
				CLANG_WARN_CONSTANT_CONVERSION = YES;
				CLANG_WARN_DEPRECATED_OBJC_IMPLEMENTATIONS = YES;
				CLANG_WARN_DIRECT_OBJC_ISA_USAGE = YES_ERROR;
				CLANG_WARN_DOCUMENTATION_COMMENTS = YES;
				CLANG_WARN_EMPTY_BODY = YES;
				CLANG_WARN_ENUM_CONVERSION = YES;
				CLANG_WARN_INFINITE_RECURSION = YES;
				CLANG_WARN_INT_CONVERSION = YES;
				CLANG_WARN_NON_LITERAL_NULL_CONVERSION = YES;
				CLANG_WARN_OBJC_IMPLICIT_RETAIN_SELF = YES;
				CLANG_WARN_OBJC_LITERAL_CONVERSION = YES;
				CLANG_WARN_OBJC_ROOT_CLASS = YES_ERROR;
				CLANG_WARN_QUOTED_INCLUDE_IN_FRAMEWORK_HEADER = YES;
				CLANG_WARN_RANGE_LOOP_ANALYSIS = YES;
				CLANG_WARN_STRICT_PROTOTYPES = YES;
				CLANG_WARN_SUSPICIOUS_MOVE = YES;
				CLANG_WARN_UNGUARDED_AVAILABILITY = YES_AGGRESSIVE;
				CLANG_WARN_UNREACHABLE_CODE = YES;
				CLANG_WARN__DUPLICATE_METHOD_MATCH = YES;
				COPY_PHASE_STRIP = NO;
				DEBUG_INFORMATION_FORMAT = "dwarf-with-dsym";
				ENABLE_NS_ASSERTIONS = NO;
				ENABLE_STRICT_OBJC_MSGSEND = YES;
				ENABLE_USER_SCRIPT_SANDBOXING = YES;
				GCC_C_LANGUAGE_STANDARD = gnu17;
				GCC_NO_COMMON_BLOCKS = YES;
				GCC_WARN_64_TO_32_BIT_CONVERSION = YES;
				GCC_WARN_ABOUT_RETURN_TYPE = YES_ERROR;
				GCC_WARN_UNDECLARED_SELECTOR = YES;
				GCC_WARN_UNINITIALIZED_AUTOS = YES_AGGRESSIVE;
				GCC_WARN_UNUSED_FUNCTION = YES;
				GCC_WARN_UNUSED_VARIABLE = YES;
				IPHONEOS_DEPLOYMENT_TARGET = 17.0;
				LOCALIZATION_PREFERS_STRING_CATALOGS = YES;
				MTL_ENABLE_DEBUG_INFO = NO;
				MTL_FAST_MATH = YES;
				SDKROOT = iphoneos;
				SWIFT_COMPILATION_MODE = wholemodule;
				VALIDATE_PRODUCT = YES;
			};
			name = Release;
		};
		A1234567890123456789012U /* Debug */ = {
			isa = XCBuildConfiguration;
			buildSettings = {
				ASSETCATALOG_COMPILER_APPICON_NAME = AppIcon;
				ASSETCATALOG_COMPILER_GLOBAL_ACCENT_COLOR_NAME = AccentColor;
				CODE_SIGN_STYLE = Automatic;
				CURRENT_PROJECT_VERSION = 1;
				DEVELOPMENT_TEAM = "";
				ENABLE_PREVIEWS = YES;
				GENERATE_INFOPLIST_FILE = YES;
				INFOPLIST_FILE = AppFinancieraIOs/Info.plist;
				INFOPLIST_KEY_UIApplicationSceneManifest_Generation = YES;
				INFOPLIST_KEY_UIApplicationSupportsIndirectInputEvents = YES;
				INFOPLIST_KEY_UILaunchScreen_Generation = YES;
				INFOPLIST_KEY_UISupportedInterfaceOrientations_iPad = "UIInterfaceOrientationPortrait UIInterfaceOrientationPortraitUpsideDown UIInterfaceOrientationLandscapeLeft UIInterfaceOrientationLandscapeRight";
				INFOPLIST_KEY_UISupportedInterfaceOrientations_iPhone = "UIInterfaceOrientationPortrait UIInterfaceOrientationLandscapeLeft UIInterfaceOrientationLandscapeRight";
				LD_RUNPATH_SEARCH_PATHS = (
					"$(inherited)",
					"@executable_path/Frameworks",
				);
				MARKETING_VERSION = 1.0;
				PRODUCT_BUNDLE_IDENTIFIER = com.example.AppFinancieraIOs;
				PRODUCT_NAME = "$(TARGET_NAME)";
				SWIFT_EMIT_LOC_STRINGS = YES;
				SWIFT_STRICT_CONCURRENCY = complete;
				SWIFT_VERSION = 6.0;
				TARGETED_DEVICE_FAMILY = "1,2";
			};
			name = Debug;
		};
		A1234567890123456789013E /* Release */ = {
			isa = XCBuildConfiguration;
			buildSettings = {
				ASSETCATALOG_COMPILER_APPICON_NAME = AppIcon;
				ASSETCATALOG_COMPILER_GLOBAL_ACCENT_COLOR_NAME = AccentColor;
				CODE_SIGN_STYLE = Automatic;
				CURRENT_PROJECT_VERSION = 1;
				DEVELOPMENT_TEAM = "";
				ENABLE_PREVIEWS = YES;
				GENERATE_INFOPLIST_FILE = YES;
				INFOPLIST_FILE = AppFinancieraIOs/Info.plist;
				INFOPLIST_KEY_UIApplicationSceneManifest_Generation = YES;
				INFOPLIST_KEY_UIApplicationSupportsIndirectInputEvents = YES;
				INFOPLIST_KEY_UILaunchScreen_Generation = YES;
				INFOPLIST_KEY_UISupportedInterfaceOrientations_iPad = "UIInterfaceOrientationPortrait UIInterfaceOrientationPortraitUpsideDown UIInterfaceOrientationLandscapeLeft UIInterfaceOrientationLandscapeRight";
				INFOPLIST_KEY_UISupportedInterfaceOrientations_iPhone = "UIInterfaceOrientationPortrait UIInterfaceOrientationLandscapeLeft UIInterfaceOrientationLandscapeRight";
				LD_RUNPATH_SEARCH_PATHS = (
					"$(inherited)",
					"@executable_path/Frameworks",
				);
				MARKETING_VERSION = 1.0;
				PRODUCT_BUNDLE_IDENTIFIER = com.example.AppFinancieraIOs;
				PRODUCT_NAME = "$(TARGET_NAME)";
				SWIFT_EMIT_LOC_STRINGS = YES;
				SWIFT_STRICT_CONCURRENCY = complete;
				SWIFT_VERSION = 6.0;
				TARGETED_DEVICE_FAMILY = "1,2";
			};
			name = Release;
		};
/* End XCBuildConfiguration section */

/* Begin XCConfigurationList section */
		A1234567890123456789012Y /* Build configuration list for PBXProject "AppFinancieraIOs" */ = {
			isa = XCConfigurationList;
			buildConfigurations = (
				A1234567890123456789012Z /* Debug */,
				A1234567890123456789013D /* Release */,
			);
			defaultConfigurationIsVisible = 0;
			defaultConfigurationName = Release;
		};
		A1234567890123456789012V /* Build configuration list for PBXNativeTarget "AppFinancieraIOs" */ = {
			isa = XCConfigurationList;
			buildConfigurations = (
				A1234567890123456789012U /* Debug */,
				A1234567890123456789013E /* Release */,
			);
			defaultConfigurationIsVisible = 0;
			defaultConfigurationName = Release;
		};
/* End XCConfigurationList section */
	};
	rootObject = A1234567890123456789012X /* Project object */;
}
